# -------------------------------------------------------------------------- #
# Quartus II / Prime Project Assignments File
# Top-Level Entity: rv32im_soc
# -------------------------------------------------------------------------- #

set_global_assignment -name FAMILY "Cyclone IV E"
set_global_assignment -name DEVICE EP4CE6E22C8
set_global_assignment -name TOP_LEVEL_ENTITY rv32im_soc
set_global_assignment -name ORIGINAL_QUARTUS_VERSION "13.0 SP1"
set_global_assignment -name LAST_QUARTUS_VERSION "25.1STD.0 LITE EDITION"
set_global_assignment -name PROJECT_OUTPUT_DIRECTORY output_files
set_global_assignment -name VHDL_INPUT_VERSION VHDL_2008
set_global_assignment -name VHDL_SHOW_LMF_MAPPING_MESSAGES OFF
set_global_assignment -name MIN_CORE_JUNCTION_TEMP 0
set_global_assignment -name MAX_CORE_JUNCTION_TEMP 85
set_global_assignment -name DEVICE_FILTER_PACKAGE "ANY QFP"
set_global_assignment -name DEVICE_FILTER_PIN_COUNT 144

# Performance & Multi-Core Synthesis
set_global_assignment -name NUM_PARALLEL_PROCESSORS ALL
set_global_assignment -name SMART_RECOMPILE ON
set_global_assignment -name FLOW_ENABLE_RTL_VIEWER ON
set_global_assignment -name FLOW_ENABLE_IO_ASSIGNMENT_ANALYSIS ON
set_global_assignment -name TIMING_ANALYZER_MULTICORNER_ANALYSIS ON

# -------------------------------------------------------------------------- #
# Source Files
# -------------------------------------------------------------------------- #
# Core Pipeline Files

# Memory & SoC Interconnect Files

# Peripheral Core Files

# Simulation Testbenches

# -------------------------------------------------------------------------- #
# FPGA Physical Pin Assignments (Cyclone IV EP4CE6E22C8)
# -------------------------------------------------------------------------- #
# Clock & System Reset
set_location_assignment PIN_23 -to clk
set_location_assignment PIN_25 -to rst_n

# Push Buttons / Keys (Active-Low Inputs)
set_location_assignment PIN_88 -to gpio_keys[0]
set_location_assignment PIN_89 -to gpio_keys[1]
set_location_assignment PIN_90 -to gpio_keys[2]
set_location_assignment PIN_91 -to gpio_keys[3]

# Onboard Diagnostic LEDs (Active-Low Outputs)
set_location_assignment PIN_87 -to gpio_leds[0]
set_location_assignment PIN_86 -to gpio_leds[1]
set_location_assignment PIN_85 -to gpio_leds[2]
set_location_assignment PIN_84 -to gpio_leds[3]

# UART Lines
set_location_assignment PIN_114 -to uart_tx
set_location_assignment PIN_115 -to uart_rx

# ==============================================================================
# SDRAM Physical Pin Assignments (Cyclone IV EP4CE6E22C8)
# ==============================================================================
# SDRAM Control Signals
set_location_assignment PIN_58 -to sdram_cke
# SD_CLK per the vendor pin table -- see rtl/memory/sdram_controller.vhd's
# comment on sdram_clk. Never assigned anywhere in this project before
# 2026-08-24.
set_location_assignment PIN_43 -to sdram_clk
set_location_assignment PIN_72 -to sdram_cs_n
set_location_assignment PIN_71 -to sdram_ras_n
set_location_assignment PIN_70 -to sdram_cas_n
set_location_assignment PIN_69 -to sdram_we_n
set_location_assignment PIN_73 -to sdram_ba[0]
set_location_assignment PIN_74 -to sdram_ba[1]
set_location_assignment PIN_42 -to sdram_dqm[0]
set_location_assignment PIN_55 -to sdram_dqm[1]

# SDRAM Address Bus
set_location_assignment PIN_76 -to sdram_addr[0]
set_location_assignment PIN_77 -to sdram_addr[1]
set_location_assignment PIN_80 -to sdram_addr[2]
set_location_assignment PIN_83 -to sdram_addr[3]
set_location_assignment PIN_68 -to sdram_addr[4]
set_location_assignment PIN_67 -to sdram_addr[5]
set_location_assignment PIN_66 -to sdram_addr[6]
set_location_assignment PIN_65 -to sdram_addr[7]
set_location_assignment PIN_64 -to sdram_addr[8]
set_location_assignment PIN_60 -to sdram_addr[9]
set_location_assignment PIN_75 -to sdram_addr[10]
set_location_assignment PIN_59 -to sdram_addr[11]

# SDRAM Bidirectional Data Bus
set_location_assignment PIN_28 -to sdram_dq[0]
set_location_assignment PIN_30 -to sdram_dq[1]
set_location_assignment PIN_31 -to sdram_dq[2]
set_location_assignment PIN_32 -to sdram_dq[3]
set_location_assignment PIN_33 -to sdram_dq[4]
set_location_assignment PIN_34 -to sdram_dq[5]
set_location_assignment PIN_38 -to sdram_dq[6]
set_location_assignment PIN_39 -to sdram_dq[7]
set_location_assignment PIN_54 -to sdram_dq[8]
set_location_assignment PIN_53 -to sdram_dq[9]
set_location_assignment PIN_52 -to sdram_dq[10]
set_location_assignment PIN_51 -to sdram_dq[11]
set_location_assignment PIN_50 -to sdram_dq[12]
set_location_assignment PIN_49 -to sdram_dq[13]
set_location_assignment PIN_46 -to sdram_dq[14]
set_location_assignment PIN_44 -to sdram_dq[15]

# ==============================================================================
# Fast I/O Registers for Timing Closure
# ==============================================================================
# sdram_dq[*] deliberately has NO FAST_INPUT_REGISTER / FAST_OUTPUT_REGISTER /
# FAST_OUTPUT_ENABLE_REGISTER assignments. sdram_controller.vhd's read path
# already samples sdram_dq inside its own clocked process
# (rdata_reg(15 downto 0) <= sdram_dq; in ST_READ_DATA); FAST_INPUT_REGISTER
# added a second, physical IOE register in front of that, so the CAS-latency-2
# read timing GHDL verified (sim/ghdl/tb_sdram.vhd) ran one clock late on real
# hardware -- every read sampled the wrong beat. Confirmed 2026-08-24: CPU-driven
# writes/reads through rv32_firmware failed 4 of 5 words with these assignments
# in place. See docs/notes/bringup_bug_report_2026-08-23.txt.
set_instance_assignment -name FAST_OUTPUT_REGISTER ON -to sdram_addr[*]
set_instance_assignment -name FAST_OUTPUT_REGISTER ON -to sdram_ba[*]
set_instance_assignment -name FAST_OUTPUT_REGISTER ON -to sdram_dqm[*]
set_instance_assignment -name FAST_OUTPUT_REGISTER ON -to sdram_ras_n
set_instance_assignment -name FAST_OUTPUT_REGISTER ON -to sdram_cas_n
set_instance_assignment -name FAST_OUTPUT_REGISTER ON -to sdram_we_n
set_instance_assignment -name FAST_OUTPUT_REGISTER ON -to sdram_cs_n

# I/O Standards & Configuration
set_global_assignment -name STRATIX_DEVICE_IO_STANDARD "3.3-V LVTTL"
set_global_assignment -name USE_CONFIGURATION_DEVICE OFF
set_global_assignment -name CRC_ERROR_OPEN_DRAIN OFF
set_global_assignment -name CYCLONEII_RESERVE_NCEO_AFTER_CONFIGURATION "USE AS REGULAR IO"
set_global_assignment -name OUTPUT_IO_TIMING_NEAR_END_VMEAS "HALF VCCIO" -rise
set_global_assignment -name OUTPUT_IO_TIMING_NEAR_END_VMEAS "HALF VCCIO" -fall
set_global_assignment -name OUTPUT_IO_TIMING_FAR_END_VMEAS "HALF SIGNAL SWING" -rise
set_global_assignment -name OUTPUT_IO_TIMING_FAR_END_VMEAS "HALF SIGNAL SWING" -fall
set_global_assignment -name POWER_PRESET_COOLING_SOLUTION "23 MM HEAT SINK WITH 200 LFPM AIRFLOW"
set_global_assignment -name POWER_BOARD_THERMAL_MODEL "NONE (CONSERVATIVE)"

# Partition Assignments
set_global_assignment -name EDA_DESIGN_ENTRY_SYNTHESIS_TOOL "<None>"

set_global_assignment -name EDA_GENERATE_FUNCTIONAL_NETLIST OFF -section_id eda_board_design_timing
set_global_assignment -name EDA_GENERATE_FUNCTIONAL_NETLIST OFF -section_id eda_board_design_symbol
set_global_assignment -name EDA_GENERATE_FUNCTIONAL_NETLIST OFF -section_id eda_board_design_signal_integrity
set_global_assignment -name EDA_GENERATE_FUNCTIONAL_NETLIST OFF -section_id eda_board_design_boundary_scan
set_global_assignment -name EDA_INPUT_DATA_FORMAT EDIF -section_id eda_design_synthesis
set_global_assignment -name VHDL_FILE rtl/core/Program_Counter.vhd
set_global_assignment -name VHDL_FILE rtl/core/IF_ID_Register.vhd
set_global_assignment -name VHDL_FILE rtl/core/RegFile.vhd
set_global_assignment -name VHDL_FILE rtl/core/ImmGen.vhd
set_global_assignment -name VHDL_FILE rtl/core/ID_EX_Register.vhd
set_global_assignment -name VHDL_FILE rtl/core/Control_Unit.vhd
set_global_assignment -name VHDL_FILE rtl/core/ALU.vhd
set_global_assignment -name VHDL_FILE rtl/core/M_Extension_Unit.vhd
set_global_assignment -name VHDL_FILE rtl/core/Hazard_Unit.vhd
set_global_assignment -name VHDL_FILE rtl/core/Forwarding_Unit.vhd
set_global_assignment -name VHDL_FILE rtl/core/EX_MEM_Register.vhd
set_global_assignment -name VHDL_FILE rtl/core/MEM_WB_Register.vhd
set_global_assignment -name VHDL_FILE rtl/core/IF_Stage.vhd
set_global_assignment -name VHDL_FILE rtl/core/ID_Stage.vhd
set_global_assignment -name VHDL_FILE rtl/core/EX_Stage.vhd
set_global_assignment -name VHDL_FILE rtl/core/MEM_Stage.vhd
set_global_assignment -name VHDL_FILE rtl/core/CPU_FPGA.vhd
set_global_assignment -name VHDL_FILE rtl/memory/bram_4kb.vhd
set_global_assignment -name VHDL_FILE rtl/memory/bus_interconnect.vhd
set_global_assignment -name VHDL_FILE rtl/rv32im_soc.vhd
set_global_assignment -name VHDL_FILE rtl/peripherals/uart_tx.vhd
set_global_assignment -name VHDL_FILE rtl/peripherals/gpio_led.vhd
set_global_assignment -name VHDL_FILE rtl/peripherals/gpio_key.vhd
set_global_assignment -name VHDL_FILE rtl/peripherals/timer.vhd
set_global_assignment -name VHDL_TEST_BENCH_FILE sim/tb_CPU_FPGA.vhd
set_global_assignment -name VHDL_TEST_BENCH_FILE sim/ImmGen_tb.vhd
set_global_assignment -name VHDL_TEST_BENCH_FILE sim/ALU_tb.vhd
set_global_assignment -name VHDL_TEST_BENCH_FILE sim/M_Extension_Unit_tb.vhd
set_global_assignment -name SDC_FILE CPU_FPGA.sdc
set_global_assignment -name VHDL_TEST_BENCH_FILE sim/tb_rv32im_soc.vhd
set_global_assignment -name VHDL_FILE rtl/memory/sdram_controller.vhd
set_global_assignment -name VHDL_FILE rtl/peripherals/periph_bridge.vhd
set_global_assignment -name VHDL_TEST_BENCH_FILE sim/sdram_model.vhd

set_global_assignment -name RESERVE_ALL_UNUSED_PINS_WEAK_PULLUP "AS INPUT TRI-STATED WITH WEAK PULL-UP"

# ==============================================================================
# Physical Synthesis & Optimization for Timing Closure
# ==============================================================================
set_global_assignment -name OPTIMIZATION_MODE "HIGH PERFORMANCE EFFORT"
set_global_assignment -name PHYSICAL_SYNTHESIS_COMBO_LOGIC ON
set_global_assignment -name PHYSICAL_SYNTHESIS_REGISTER_RETIMING ON
set_global_assignment -name PHYSICAL_SYNTHESIS_REGISTER_DUPLICATION ON
set_global_assignment -name PHYSICAL_SYNTHESIS_EFFORT EXTRA
set_global_assignment -name ROUTER_TIMING_OPTIMIZATION_LEVEL MAXIMUM


set_global_assignment -name VHDL_FILE rtl/rst_sync.vhd
set_global_assignment -name ENABLE_SIGNALTAP ON
set_global_assignment -name USE_SIGNALTAP_FILE debug.stp
set_global_assignment -name PARTITION_NETLIST_TYPE SOURCE -section_id Top
set_global_assignment -name PARTITION_FITTER_PRESERVATION_LEVEL PLACEMENT_AND_ROUTING -section_id Top
set_global_assignment -name PARTITION_COLOR 16764057 -section_id Top


set_instance_assignment -name PARTITION_HIERARCHY root_partition -to | -section_id Top